
Microsoft Visual Studio Solution File, Format Version 12.00
# Visual Studio Version 17
VisualStudioVersion = 17.12.35527.113
MinimumVisualStudioVersion = 10.0.40219.1
Project("{2150E333-8FDC-42A3-9474-1A3956D46DE8}") = "src", "src", "{0FF2BA88-4EF8-4B8D-8312-531DA5F1E680}"
EndProject
Project("{2150E333-8FDC-42A3-9474-1A3956D46DE8}") = "tests", "tests", "{FD4F77CD-F395-42DF-9FC8-FA782D6BF29D}"
EndProject
Project("{2150E333-8FDC-42A3-9474-1A3956D46DE8}") = "Apps", "Apps", "{2348C024-E186-4EFB-B260-C87D9D02FB93}"
EndProject
Project("{FAE04EC0-301F-11D3-BF4B-00C04F79EFBC}") = "TARA.XApp", "src\Apps\TARA.XApp\TARA.XApp\TARA.XApp.csproj", "{7463BB83-1C87-4CEC-A479-A92D6A72B60D}"
EndProject
Project("{FAE04EC0-301F-11D3-BF4B-00C04F79EFBC}") = "TARA.XApp.Android", "src\Apps\TARA.XApp\TARA.XApp.Android\TARA.XApp.Android.csproj", "{71A86BF0-FFA5-4A1D-B5A2-445063346367}"
EndProject
Project("{FAE04EC0-301F-11D3-BF4B-00C04F79EFBC}") = "TARA.XApp.Desktop", "src\Apps\TARA.XApp\TARA.XApp.Desktop\TARA.XApp.Desktop.csproj", "{7F840D0A-86FE-4A80-BB5C-F63F42E46FBF}"
EndProject
Project("{FAE04EC0-301F-11D3-BF4B-00C04F79EFBC}") = "TARA.XApp.iOS", "src\Apps\TARA.XApp\TARA.XApp.iOS\TARA.XApp.iOS.csproj", "{14EB15F1-0CF7-43F9-8DCB-AFB6B975BD3C}"
EndProject
Project("{FAE04EC0-301F-11D3-BF4B-00C04F79EFBC}") = "TARA.XApp.Browser", "src\Apps\TARA.XApp\TARA.XApp.Browser\TARA.XApp.Browser.csproj", "{026DD170-3552-4183-8308-0380E5B1E2E9}"
EndProject
Project("{E53339B2-1760-4266-BCC7-CA923CBCF16C}") = "docker-compose", "docker\docker-compose.dcproj", "{F71EB780-0F15-4BD2-995D-7FE0CF23E12F}"
EndProject
Project("{2150E333-8FDC-42A3-9474-1A3956D46DE8}") = "Services", "Services", "{D298ECF1-EC27-41AD-A961-C32541B18D3A}"
EndProject
Project("{2150E333-8FDC-42A3-9474-1A3956D46DE8}") = "Authentication", "Authentication", "{6636F6A1-9046-481A-B5CD-2B1A2033B9FB}"
EndProject
Project("{FAE04EC0-301F-11D3-BF4B-00C04F79EFBC}") = "TARA.AuthenticationService.Api", "src\Services\Authentication\TARA.AuthenticationService.Api\TARA.AuthenticationService.Api.csproj", "{45E0BDC6-FCDC-4423-B62B-B18428B4A024}"
EndProject
Project("{FAE04EC0-301F-11D3-BF4B-00C04F79EFBC}") = "TARA.AuthenticationService.Application", "src\Services\Authentication\TARA.AuthenticationService.Application\TARA.AuthenticationService.Application.csproj", "{B90BA0F2-9ABA-43F5-B8D8-B1233A4C6F42}"
EndProject
Project("{FAE04EC0-301F-11D3-BF4B-00C04F79EFBC}") = "TARA.AuthenticationService.Domain", "src\Services\Authentication\TARA.AuthenticationService.Domain\TARA.AuthenticationService.Domain.csproj", "{8EDF8E9D-1FAB-4C09-85BA-74C08C070AA5}"
EndProject
Project("{FAE04EC0-301F-11D3-BF4B-00C04F79EFBC}") = "TARA.AuthenticationService.Infrastructure", "src\Services\Authentication\TARA.AuthenticationService.Infrastructure\TARA.AuthenticationService.Infrastructure.csproj", "{743D0527-FE0E-4366-8897-25E7781687E8}"
EndProject
Project("{2150E333-8FDC-42A3-9474-1A3956D46DE8}") = "Services", "Services", "{1D3C345D-E965-4671-BFF6-0AC0B4DA8912}"
EndProject
Project("{FAE04EC0-301F-11D3-BF4B-00C04F79EFBC}") = "TARA.AuthenticationService.Tests", "tests\Services\TARA.AuthenticationService.Tests\TARA.AuthenticationService.Tests.csproj", "{3CB3A537-B044-4AD7-8297-684C69E44822}"
EndProject
Global
	GlobalSection(SolutionConfigurationPlatforms) = preSolution
		Debug|Any CPU = Debug|Any CPU
		Release|Any CPU = Release|Any CPU
	EndGlobalSection
	GlobalSection(ProjectConfigurationPlatforms) = postSolution
		{7463BB83-1C87-4CEC-A479-A92D6A72B60D}.Debug|Any CPU.ActiveCfg = Debug|Any CPU
		{7463BB83-1C87-4CEC-A479-A92D6A72B60D}.Debug|Any CPU.Build.0 = Debug|Any CPU
		{7463BB83-1C87-4CEC-A479-A92D6A72B60D}.Release|Any CPU.ActiveCfg = Release|Any CPU
		{7463BB83-1C87-4CEC-A479-A92D6A72B60D}.Release|Any CPU.Build.0 = Release|Any CPU
		{71A86BF0-FFA5-4A1D-B5A2-445063346367}.Debug|Any CPU.ActiveCfg = Debug|Any CPU
		{71A86BF0-FFA5-4A1D-B5A2-445063346367}.Debug|Any CPU.Build.0 = Debug|Any CPU
		{71A86BF0-FFA5-4A1D-B5A2-445063346367}.Debug|Any CPU.Deploy.0 = Debug|Any CPU
		{71A86BF0-FFA5-4A1D-B5A2-445063346367}.Release|Any CPU.ActiveCfg = Release|Any CPU
		{71A86BF0-FFA5-4A1D-B5A2-445063346367}.Release|Any CPU.Build.0 = Release|Any CPU
		{71A86BF0-FFA5-4A1D-B5A2-445063346367}.Release|Any CPU.Deploy.0 = Release|Any CPU
		{7F840D0A-86FE-4A80-BB5C-F63F42E46FBF}.Debug|Any CPU.ActiveCfg = Debug|Any CPU
		{7F840D0A-86FE-4A80-BB5C-F63F42E46FBF}.Debug|Any CPU.Build.0 = Debug|Any CPU
		{7F840D0A-86FE-4A80-BB5C-F63F42E46FBF}.Release|Any CPU.ActiveCfg = Release|Any CPU
		{7F840D0A-86FE-4A80-BB5C-F63F42E46FBF}.Release|Any CPU.Build.0 = Release|Any CPU
		{14EB15F1-0CF7-43F9-8DCB-AFB6B975BD3C}.Debug|Any CPU.ActiveCfg = Debug|Any CPU
		{14EB15F1-0CF7-43F9-8DCB-AFB6B975BD3C}.Debug|Any CPU.Build.0 = Debug|Any CPU
		{14EB15F1-0CF7-43F9-8DCB-AFB6B975BD3C}.Debug|Any CPU.Deploy.0 = Debug|Any CPU
		{14EB15F1-0CF7-43F9-8DCB-AFB6B975BD3C}.Release|Any CPU.ActiveCfg = Release|Any CPU
		{14EB15F1-0CF7-43F9-8DCB-AFB6B975BD3C}.Release|Any CPU.Build.0 = Release|Any CPU
		{14EB15F1-0CF7-43F9-8DCB-AFB6B975BD3C}.Release|Any CPU.Deploy.0 = Release|Any CPU
		{026DD170-3552-4183-8308-0380E5B1E2E9}.Debug|Any CPU.ActiveCfg = Debug|Any CPU
		{026DD170-3552-4183-8308-0380E5B1E2E9}.Debug|Any CPU.Build.0 = Debug|Any CPU
		{026DD170-3552-4183-8308-0380E5B1E2E9}.Release|Any CPU.ActiveCfg = Release|Any CPU
		{026DD170-3552-4183-8308-0380E5B1E2E9}.Release|Any CPU.Build.0 = Release|Any CPU
		{F71EB780-0F15-4BD2-995D-7FE0CF23E12F}.Debug|Any CPU.ActiveCfg = Debug|Any CPU
		{F71EB780-0F15-4BD2-995D-7FE0CF23E12F}.Debug|Any CPU.Build.0 = Debug|Any CPU
		{F71EB780-0F15-4BD2-995D-7FE0CF23E12F}.Release|Any CPU.ActiveCfg = Release|Any CPU
		{F71EB780-0F15-4BD2-995D-7FE0CF23E12F}.Release|Any CPU.Build.0 = Release|Any CPU
		{45E0BDC6-FCDC-4423-B62B-B18428B4A024}.Debug|Any CPU.ActiveCfg = Debug|Any CPU
		{45E0BDC6-FCDC-4423-B62B-B18428B4A024}.Debug|Any CPU.Build.0 = Debug|Any CPU
		{45E0BDC6-FCDC-4423-B62B-B18428B4A024}.Release|Any CPU.ActiveCfg = Release|Any CPU
		{45E0BDC6-FCDC-4423-B62B-B18428B4A024}.Release|Any CPU.Build.0 = Release|Any CPU
		{B90BA0F2-9ABA-43F5-B8D8-B1233A4C6F42}.Debug|Any CPU.ActiveCfg = Debug|Any CPU
		{B90BA0F2-9ABA-43F5-B8D8-B1233A4C6F42}.Debug|Any CPU.Build.0 = Debug|Any CPU
		{B90BA0F2-9ABA-43F5-B8D8-B1233A4C6F42}.Release|Any CPU.ActiveCfg = Release|Any CPU
		{B90BA0F2-9ABA-43F5-B8D8-B1233A4C6F42}.Release|Any CPU.Build.0 = Release|Any CPU
		{8EDF8E9D-1FAB-4C09-85BA-74C08C070AA5}.Debug|Any CPU.ActiveCfg = Debug|Any CPU
		{8EDF8E9D-1FAB-4C09-85BA-74C08C070AA5}.Debug|Any CPU.Build.0 = Debug|Any CPU
		{8EDF8E9D-1FAB-4C09-85BA-74C08C070AA5}.Release|Any CPU.ActiveCfg = Release|Any CPU
		{8EDF8E9D-1FAB-4C09-85BA-74C08C070AA5}.Release|Any CPU.Build.0 = Release|Any CPU
		{743D0527-FE0E-4366-8897-25E7781687E8}.Debug|Any CPU.ActiveCfg = Debug|Any CPU
		{743D0527-FE0E-4366-8897-25E7781687E8}.Debug|Any CPU.Build.0 = Debug|Any CPU
		{743D0527-FE0E-4366-8897-25E7781687E8}.Release|Any CPU.ActiveCfg = Release|Any CPU
		{743D0527-FE0E-4366-8897-25E7781687E8}.Release|Any CPU.Build.0 = Release|Any CPU
		{3CB3A537-B044-4AD7-8297-684C69E44822}.Debug|Any CPU.ActiveCfg = Debug|Any CPU
		{3CB3A537-B044-4AD7-8297-684C69E44822}.Debug|Any CPU.Build.0 = Debug|Any CPU
		{3CB3A537-B044-4AD7-8297-684C69E44822}.Release|Any CPU.ActiveCfg = Release|Any CPU
		{3CB3A537-B044-4AD7-8297-684C69E44822}.Release|Any CPU.Build.0 = Release|Any CPU
	EndGlobalSection
	GlobalSection(SolutionProperties) = preSolution
		HideSolutionNode = FALSE
	EndGlobalSection
	GlobalSection(NestedProjects) = preSolution
		{2348C024-E186-4EFB-B260-C87D9D02FB93} = {0FF2BA88-4EF8-4B8D-8312-531DA5F1E680}
		{7463BB83-1C87-4CEC-A479-A92D6A72B60D} = {2348C024-E186-4EFB-B260-C87D9D02FB93}
		{71A86BF0-FFA5-4A1D-B5A2-445063346367} = {2348C024-E186-4EFB-B260-C87D9D02FB93}
		{7F840D0A-86FE-4A80-BB5C-F63F42E46FBF} = {2348C024-E186-4EFB-B260-C87D9D02FB93}
		{14EB15F1-0CF7-43F9-8DCB-AFB6B975BD3C} = {2348C024-E186-4EFB-B260-C87D9D02FB93}
		{026DD170-3552-4183-8308-0380E5B1E2E9} = {2348C024-E186-4EFB-B260-C87D9D02FB93}
		{D298ECF1-EC27-41AD-A961-C32541B18D3A} = {0FF2BA88-4EF8-4B8D-8312-531DA5F1E680}
		{6636F6A1-9046-481A-B5CD-2B1A2033B9FB} = {D298ECF1-EC27-41AD-A961-C32541B18D3A}
		{45E0BDC6-FCDC-4423-B62B-B18428B4A024} = {6636F6A1-9046-481A-B5CD-2B1A2033B9FB}
		{B90BA0F2-9ABA-43F5-B8D8-B1233A4C6F42} = {6636F6A1-9046-481A-B5CD-2B1A2033B9FB}
		{8EDF8E9D-1FAB-4C09-85BA-74C08C070AA5} = {6636F6A1-9046-481A-B5CD-2B1A2033B9FB}
		{743D0527-FE0E-4366-8897-25E7781687E8} = {6636F6A1-9046-481A-B5CD-2B1A2033B9FB}
		{1D3C345D-E965-4671-BFF6-0AC0B4DA8912} = {FD4F77CD-F395-42DF-9FC8-FA782D6BF29D}
		{3CB3A537-B044-4AD7-8297-684C69E44822} = {1D3C345D-E965-4671-BFF6-0AC0B4DA8912}
	EndGlobalSection
EndGlobal
